
Microsoft Visual Studio Solution File, Format Version 12.00
# Visual Studio Version 16
VisualStudioVersion = 16.0.30804.86
MinimumVisualStudioVersion = 10.0.40219.1
Project("{FAE04EC0-301F-11D3-BF4B-00C04F79EFBC}") = "EvaluationApp.Web", "EvaluationApp.Web\EvaluationApp.Web.csproj", "{D9B80CAE-F8A2-4E27-8886-16CECE932E9A}"
EndProject
Project("{FAE04EC0-301F-11D3-BF4B-00C04F79EFBC}") = "EvaluationApp.DAL", "EvaluationApp.DAL\EvaluationApp.DAL.csproj", "{8DCED91D-0868-47E3-A67D-DD8498C0C78B}"
EndProject
Project("{FAE04EC0-301F-11D3-BF4B-00C04F79EFBC}") = "EvaluationApp.BL", "EvaluationApp.BL\EvaluationApp.BL.csproj", "{498B15E5-5536-435F-8A04-B8D6535998DE}"
EndProject
Global
	GlobalSection(SolutionConfigurationPlatforms) = preSolution
		Debug|Any CPU = Debug|Any CPU
		Release|Any CPU = Release|Any CPU
	EndGlobalSection
	GlobalSection(ProjectConfigurationPlatforms) = postSolution
		{D9B80CAE-F8A2-4E27-8886-16CECE932E9A}.Debug|Any CPU.ActiveCfg = Debug|Any CPU
		{D9B80CAE-F8A2-4E27-8886-16CECE932E9A}.Debug|Any CPU.Build.0 = Debug|Any CPU
		{D9B80CAE-F8A2-4E27-8886-16CECE932E9A}.Release|Any CPU.ActiveCfg = Release|Any CPU
		{D9B80CAE-F8A2-4E27-8886-16CECE932E9A}.Release|Any CPU.Build.0 = Release|Any CPU
		{8DCED91D-0868-47E3-A67D-DD8498C0C78B}.Debug|Any CPU.ActiveCfg = Debug|Any CPU
		{8DCED91D-0868-47E3-A67D-DD8498C0C78B}.Debug|Any CPU.Build.0 = Debug|Any CPU
		{8DCED91D-0868-47E3-A67D-DD8498C0C78B}.Release|Any CPU.ActiveCfg = Release|Any CPU
		{8DCED91D-0868-47E3-A67D-DD8498C0C78B}.Release|Any CPU.Build.0 = Release|Any CPU
		{498B15E5-5536-435F-8A04-B8D6535998DE}.Debug|Any CPU.ActiveCfg = Debug|Any CPU
		{498B15E5-5536-435F-8A04-B8D6535998DE}.Debug|Any CPU.Build.0 = Debug|Any CPU
		{498B15E5-5536-435F-8A04-B8D6535998DE}.Release|Any CPU.ActiveCfg = Release|Any CPU
		{498B15E5-5536-435F-8A04-B8D6535998DE}.Release|Any CPU.Build.0 = Release|Any CPU
	EndGlobalSection
	GlobalSection(SolutionProperties) = preSolution
		HideSolutionNode = FALSE
	EndGlobalSection
	GlobalSection(ExtensibilityGlobals) = postSolution
		SolutionGuid = {4D742188-6754-4CE2-A4CF-884714E29491}
	EndGlobalSection
EndGlobal
